
Microsoft Visual Studio Solution File, Format Version 12.00
# Visual Studio Version 17
VisualStudioVersion = 17.14.36915.13
MinimumVisualStudioVersion = 10.0.40219.1
Project("{FAE04EC0-301F-11D3-BF4B-00C04F79EFBC}") = "MauiApp1", "MauiApp1.csproj", "{35EC0858-1196-41C1-B55D-04971C9CF8DA}"
EndProject
Global
	GlobalSection(SolutionConfigurationPlatforms) = preSolution
		Debug|Any CPU = Debug|Any CPU
		Release|Any CPU = Release|Any CPU
	EndGlobalSection
	GlobalSection(ProjectConfigurationPlatforms) = postSolution
		{35EC0858-1196-41C1-B55D-04971C9CF8DA}.Debug|Any CPU.ActiveCfg = Debug|Any CPU
		{35EC0858-1196-41C1-B55D-04971C9CF8DA}.Debug|Any CPU.Build.0 = Debug|Any CPU
		{35EC0858-1196-41C1-B55D-04971C9CF8DA}.Debug|Any CPU.Deploy.0 = Debug|Any CPU
		{35EC0858-1196-41C1-B55D-04971C9CF8DA}.Release|Any CPU.ActiveCfg = Release|Any CPU
		{35EC0858-1196-41C1-B55D-04971C9CF8DA}.Release|Any CPU.Build.0 = Release|Any CPU
	EndGlobalSection
	GlobalSection(SolutionProperties) = preSolution
		HideSolutionNode = FALSE
	EndGlobalSection
	GlobalSection(ExtensibilityGlobals) = postSolution
		SolutionGuid = {6BD9D0E4-D1DF-4D2B-AAD5-E2587434ADAD}
	EndGlobalSection
EndGlobal
